
Microsoft Visual Studio Solution File, Format Version 12.00
# Visual Studio Version 16
VisualStudioVersion = 16.0.29009.5
MinimumVisualStudioVersion = 10.0.40219.1
Project("{FAE04EC0-301F-11D3-BF4B-00C04F79EFBC}") = "BPMSApi", "BPMSApi\BPMSApi.csproj", "{82DC69EF-EC19-4353-A9DF-027A2E1BE2BA}"
EndProject
Global
	GlobalSection(SolutionConfigurationPlatforms) = preSolution
		Debug|Any CPU = Debug|Any CPU
		Release|Any CPU = Release|Any CPU
	EndGlobalSection
	GlobalSection(ProjectConfigurationPlatforms) = postSolution
		{82DC69EF-EC19-4353-A9DF-027A2E1BE2BA}.Debug|Any CPU.ActiveCfg = Debug|Any CPU
		{82DC69EF-EC19-4353-A9DF-027A2E1BE2BA}.Debug|Any CPU.Build.0 = Debug|Any CPU
		{82DC69EF-EC19-4353-A9DF-027A2E1BE2BA}.Release|Any CPU.ActiveCfg = Release|Any CPU
		{82DC69EF-EC19-4353-A9DF-027A2E1BE2BA}.Release|Any CPU.Build.0 = Release|Any CPU
	EndGlobalSection
	GlobalSection(SolutionProperties) = preSolution
		HideSolutionNode = FALSE
	EndGlobalSection
	GlobalSection(ExtensibilityGlobals) = postSolution
		SolutionGuid = {B392FA3E-566B-48BF-8C47-DEF2BC77B8AB}
	EndGlobalSection
EndGlobal
